{
  "name": "jeefo",
  "version": "0.1.2",
  "lockfileVersion": 1,
  "requires": true,
  "dependencies": {
    "@jeefo/audio": {
      "version": "0.0.1",
      "resolved": "https://registry.npmjs.org/@jeefo/audio/-/audio-0.0.1.tgz",
      "integrity": "sha512-SLxAxV64Wmdf7jHorzoHbxkpoazQJGm2glhbICZiH1NqupRPfmUlEcMMXsCfF9R0fayG6FoAkta8+H6Sya2n5g=="
    },
    "@jeefo/command": {
      "version": "0.0.3",
      "resolved": "https://registry.npmjs.org/@jeefo/command/-/command-0.0.3.tgz",
      "integrity": "sha512-tjdpTTHr1GQp4CWVtccV3eHE9TvbNEQfsMwslKjbaRnTl2jwtmNmGmSPttpnLpR17/ATEs89DQYiUpmGY9knDg=="
    },
    "@jeefo/component": {
      "version": "0.0.5",
      "resolved": "https://registry.npmjs.org/@jeefo/component/-/component-0.0.5.tgz",
      "integrity": "sha512-6n4YwgWPg2v2kuxe1FIPGzZFtVvOd3iCpE7S0wvRe4BidchkZ+1OsxyNnnnqzseET/EQ1GENvFN089cd9x7pxg=="
    },
    "@jeefo/ecma_parser": {
      "version": "0.0.4",
      "resolved": "https://registry.npmjs.org/@jeefo/ecma_parser/-/ecma_parser-0.0.4.tgz",
      "integrity": "sha512-trkrWPIB5hHveSrRpd7JSsbNXVk9q9I73e32G2zw3KuGrGxHlbXgljhLBfRoOMHlB7hVYS6uorZXwApeyT09iQ==",
      "requires": {
        "@jeefo/parser": "0.0.25"
      }
    },
    "@jeefo/jqlite": {
      "version": "0.0.2",
      "resolved": "https://registry.npmjs.org/@jeefo/jqlite/-/jqlite-0.0.2.tgz",
      "integrity": "sha512-/cxFyPl+Fxrvu9mOKajjm/MnXIGq1oPNiFWtgNiqPLyxHpwn2zzKiHsb6tKH+9xmCS9/I1TJnZB0fbNO5SLtVw=="
    },
    "@jeefo/material": {
      "version": "0.0.1",
      "resolved": "https://registry.npmjs.org/@jeefo/material/-/material-0.0.1.tgz",
      "integrity": "sha512-e7J8OEbNjFu7zoBKmnyuIULyNbmUyGNS6JW2vDkwvSbfRVmJQxDRvVzFX6htcJKNtjVPInfhfEYbnsjZ+iQe/A=="
    },
    "@jeefo/math": {
      "version": "0.0.1",
      "resolved": "https://registry.npmjs.org/@jeefo/math/-/math-0.0.1.tgz",
      "integrity": "sha512-SHf+dcIdwPNvtMKZUauhgx41bziMVis2JWZfXF7IZ21ZM3DejocKbxH3VTrqm2zdQPlqT0RQK/GcSHoLdzne7g=="
    },
    "@jeefo/monkey_patcher": {
      "version": "0.0.1",
      "resolved": "https://registry.npmjs.org/@jeefo/monkey_patcher/-/monkey_patcher-0.0.1.tgz",
      "integrity": "sha512-wQwpuZS46rguIgUo9UCxAXjrjv89RJ3SMHOFL7fZHc5pECD1ZACZ+mTQgYuFOU6MGDRZ+QKV6AEqhRTinAbcIw=="
    },
    "@jeefo/observer": {
      "version": "0.0.1",
      "resolved": "https://registry.npmjs.org/@jeefo/observer/-/observer-0.0.1.tgz",
      "integrity": "sha512-D2AdIfzoWdOLdQ12tCDXoxB40DTd1dRUGRc5G2a0boEZB3tOUfH2BOleyDl2c+jetWzhEwBSjQvkQf3foTzdlA=="
    },
    "@jeefo/parser": {
      "version": "0.0.25",
      "resolved": "https://registry.npmjs.org/@jeefo/parser/-/parser-0.0.25.tgz",
      "integrity": "sha512-r86gAaFylIL2Zr1sntgOvlUS55Thkp3hkeSaVD7gxaDb4cdFmjGIJXvoH+2SEiDQsSYoHYYtfROt5CpSFWumWw==",
      "requires": {
        "@jeefo/command": "0.0.3",
        "@jeefo/tokenizer": "0.0.5"
      }
    },
    "@jeefo/resource": {
      "version": "0.0.2",
      "resolved": "https://registry.npmjs.org/@jeefo/resource/-/resource-0.0.2.tgz",
      "integrity": "sha512-FypKZPPSkB05J0M9ZaOOo3A6veDK+J2PKrgZyeKg7kN/unrr5QWLaJP1YMuh7EjS8+5eIL2ODbELlyuHpMQ3Gg=="
    },
    "@jeefo/state": {
      "version": "0.0.1",
      "resolved": "https://registry.npmjs.org/@jeefo/state/-/state-0.0.1.tgz",
      "integrity": "sha512-i2G58p67pWEt69iqB7aMJaGeQ4cfzTTxuqZ9PrGiJi4ITWxj3ed2dcMLCN+oF5e0PdKF01U3zG+VflXqFxOu4Q==",
      "requires": {
        "@jeefo/component": "0.0.5",
        "@jeefo/template": "0.0.2"
      }
    },
    "@jeefo/template": {
      "version": "0.0.2",
      "resolved": "https://registry.npmjs.org/@jeefo/template/-/template-0.0.2.tgz",
      "integrity": "sha512-M9PYVAcP0XDfIW7nm5FMB0zIzL4AsVaG4u3yiFK2ibLoKUuuk52nmmxvKC30/bROciV9nsHYrr4Ff9/pj2b/zg==",
      "requires": {
        "@jeefo/tokenizer": "0.0.5"
      }
    },
    "@jeefo/tokenizer": {
      "version": "0.0.5",
      "resolved": "https://registry.npmjs.org/@jeefo/tokenizer/-/tokenizer-0.0.5.tgz",
      "integrity": "sha512-O34WzDHArAiFhzm+t3Dp2TGHRMC6hEhaPva1xhQEwY96M5KI5oQca9LXNwYa2X3vHR9/hchSXNxkY0yHmf9now==",
      "requires": {
        "@jeefo/utils": "0.0.4"
      }
    },
    "@jeefo/utils": {
      "version": "0.0.4",
      "resolved": "https://registry.npmjs.org/@jeefo/utils/-/utils-0.0.4.tgz",
      "integrity": "sha512-kOz++ed+dFui96Z5w8uzSWkKrqVQ5Nueggvjk0TXtUCGBpjgFWETJFaPN+z5mOqjtEy3wDW6pFtxzbWOQdPO/w=="
    },
    "async-waterfall": {
      "version": "0.1.5",
      "resolved": "https://registry.npmjs.org/async-waterfall/-/async-waterfall-0.1.5.tgz",
      "integrity": "sha1-OYvUiw6sXUD/vkAP6eN6U7qWba4="
    },
    "fs-extra": {
      "version": "8.1.0",
      "resolved": "https://registry.npmjs.org/fs-extra/-/fs-extra-8.1.0.tgz",
      "integrity": "sha512-yhlQgA6mnOJUKOsRUFsgJdQCvkKhcz8tlZG5HBQfReYZy46OwLcY+Zia0mtdHsOo9y/hP+CxMN0TU9QxoOtG4g==",
      "requires": {
        "graceful-fs": "^4.2.0",
        "jsonfile": "^4.0.0",
        "universalify": "^0.1.0"
      }
    },
    "graceful-fs": {
      "version": "4.2.3",
      "resolved": "https://registry.npmjs.org/graceful-fs/-/graceful-fs-4.2.3.tgz",
      "integrity": "sha512-a30VEBm4PEdx1dRB7MFK7BejejvCvBronbLjht+sHuGYj8PHs7M/5Z+rt5lw551vZ7yfTCj4Vuyy3mSJytDWRQ=="
    },
    "jsonfile": {
      "version": "4.0.0",
      "resolved": "https://registry.npmjs.org/jsonfile/-/jsonfile-4.0.0.tgz",
      "integrity": "sha1-h3Gq4HmbZAdrdmQPygWPnBDjPss=",
      "requires": {
        "graceful-fs": "^4.1.6"
      }
    },
    "universalify": {
      "version": "0.1.2",
      "resolved": "https://registry.npmjs.org/universalify/-/universalify-0.1.2.tgz",
      "integrity": "sha512-rBJeI5CXAlmy1pV+617WB9J63U6XcazHHF2f2dbJix4XzpUF0RS3Zbj0FGIOCAva5P/d/GBOYaACQ1w+0azUkg=="
    }
  }
}
