{
  "name": "jeefo",
  "version": "0.0.42",
  "lockfileVersion": 1,
  "requires": true,
  "dependencies": {
    "@jeefo/audio": {
      "version": "0.0.1",
      "resolved": "https://registry.npmjs.org/@jeefo/audio/-/audio-0.0.1.tgz",
      "integrity": "sha512-SLxAxV64Wmdf7jHorzoHbxkpoazQJGm2glhbICZiH1NqupRPfmUlEcMMXsCfF9R0fayG6FoAkta8+H6Sya2n5g=="
    },
    "@jeefo/command": {
      "version": "0.0.3",
      "resolved": "https://registry.npmjs.org/@jeefo/command/-/command-0.0.3.tgz",
      "integrity": "sha512-tjdpTTHr1GQp4CWVtccV3eHE9TvbNEQfsMwslKjbaRnTl2jwtmNmGmSPttpnLpR17/ATEs89DQYiUpmGY9knDg=="
    },
    "@jeefo/component": {
      "version": "0.0.2",
      "resolved": "https://registry.npmjs.org/@jeefo/component/-/component-0.0.2.tgz",
      "integrity": "sha512-zPREJwgF7a1gtZ9TMTVyFVtQ7xOObD08/MJ1HWTLHCJPxxMxkO1txe7MQgjNg4uYbiBKSKGUrJUqWNjMULSt3Q=="
    },
    "@jeefo/ecma_parser": {
      "version": "0.0.3",
      "resolved": "https://registry.npmjs.org/@jeefo/ecma_parser/-/ecma_parser-0.0.3.tgz",
      "integrity": "sha512-poiKhbc8OfzT0k87PbqwZyZamyvF3RVuu37vBYzQRgTI9RsrOb9sw3j7dnv4rHGLLa0vG2zG/qaB5DQVusk5Jw==",
      "requires": {
        "@jeefo/parser": "0.0.24"
      }
    },
    "@jeefo/jqlite": {
      "version": "0.0.1",
      "resolved": "https://registry.npmjs.org/@jeefo/jqlite/-/jqlite-0.0.1.tgz",
      "integrity": "sha512-tj8KeYtEC6Hakqdy23wAGQ9s9OF/BJX35YBnIuC7VAOj6qDjXviJRxEGcbv3454MI8a3R9+WtHY3LqWrjfWHFA=="
    },
    "@jeefo/material": {
      "version": "0.0.1",
      "resolved": "https://registry.npmjs.org/@jeefo/material/-/material-0.0.1.tgz",
      "integrity": "sha512-e7J8OEbNjFu7zoBKmnyuIULyNbmUyGNS6JW2vDkwvSbfRVmJQxDRvVzFX6htcJKNtjVPInfhfEYbnsjZ+iQe/A=="
    },
    "@jeefo/math": {
      "version": "0.0.1",
      "resolved": "https://registry.npmjs.org/@jeefo/math/-/math-0.0.1.tgz",
      "integrity": "sha512-SHf+dcIdwPNvtMKZUauhgx41bziMVis2JWZfXF7IZ21ZM3DejocKbxH3VTrqm2zdQPlqT0RQK/GcSHoLdzne7g=="
    },
    "@jeefo/monkey_patcher": {
      "version": "0.0.1",
      "resolved": "https://registry.npmjs.org/@jeefo/monkey_patcher/-/monkey_patcher-0.0.1.tgz",
      "integrity": "sha512-wQwpuZS46rguIgUo9UCxAXjrjv89RJ3SMHOFL7fZHc5pECD1ZACZ+mTQgYuFOU6MGDRZ+QKV6AEqhRTinAbcIw=="
    },
    "@jeefo/observer": {
      "version": "0.0.1",
      "resolved": "https://registry.npmjs.org/@jeefo/observer/-/observer-0.0.1.tgz",
      "integrity": "sha512-D2AdIfzoWdOLdQ12tCDXoxB40DTd1dRUGRc5G2a0boEZB3tOUfH2BOleyDl2c+jetWzhEwBSjQvkQf3foTzdlA=="
    },
    "@jeefo/parser": {
      "version": "0.0.24",
      "resolved": "https://registry.npmjs.org/@jeefo/parser/-/parser-0.0.24.tgz",
      "integrity": "sha512-lTq1iyhMQudbnuvcALp9qqZIP/Xy9futlyG64siW0CR57l5RkjeGcWJM/gHSn205ZKcWIYcreKlG55gOi14dGQ==",
      "requires": {
        "@jeefo/command": "0.0.3",
        "@jeefo/tokenizer": "0.0.4"
      }
    },
    "@jeefo/resource": {
      "version": "0.0.2",
      "resolved": "https://registry.npmjs.org/@jeefo/resource/-/resource-0.0.2.tgz",
      "integrity": "sha512-FypKZPPSkB05J0M9ZaOOo3A6veDK+J2PKrgZyeKg7kN/unrr5QWLaJP1YMuh7EjS8+5eIL2ODbELlyuHpMQ3Gg=="
    },
    "@jeefo/template": {
      "version": "0.0.1",
      "resolved": "https://registry.npmjs.org/@jeefo/template/-/template-0.0.1.tgz",
      "integrity": "sha512-SbbQZi6rIzd/9TffaIWvV8+iOEpF1RVQI+yikiJWClG2gMVB1caEReabP2tk8usWGCFoVuqlqI212mUoUEV8nA==",
      "requires": {
        "@jeefo/tokenizer": "0.0.4"
      }
    },
    "@jeefo/tokenizer": {
      "version": "0.0.4",
      "resolved": "https://registry.npmjs.org/@jeefo/tokenizer/-/tokenizer-0.0.4.tgz",
      "integrity": "sha512-eoLFpl36nBeB5baFbvFAIZ+T4Od6HEfKsxJxH+jpWJsY0PazD8vTjeTptww/mQT6Adp+b3mmUmtEIFwzTGbe8w==",
      "requires": {
        "@jeefo/utils": "0.0.3"
      }
    },
    "@jeefo/utils": {
      "version": "0.0.3",
      "resolved": "https://registry.npmjs.org/@jeefo/utils/-/utils-0.0.3.tgz",
      "integrity": "sha512-dRhKoqa8kIgJCwBCQ7jppqwb/JIeYHVn0mLU83Yum+2ATFCBR2t3UD3bZ2WHqkC4eVc8SWGLD50tHr3c1xZp2g=="
    },
    "async-waterfall": {
      "version": "0.1.5",
      "resolved": "https://registry.npmjs.org/async-waterfall/-/async-waterfall-0.1.5.tgz",
      "integrity": "sha1-OYvUiw6sXUD/vkAP6eN6U7qWba4="
    },
    "fs-extra": {
      "version": "8.1.0",
      "resolved": "https://registry.npmjs.org/fs-extra/-/fs-extra-8.1.0.tgz",
      "integrity": "sha512-yhlQgA6mnOJUKOsRUFsgJdQCvkKhcz8tlZG5HBQfReYZy46OwLcY+Zia0mtdHsOo9y/hP+CxMN0TU9QxoOtG4g==",
      "requires": {
        "graceful-fs": "^4.2.0",
        "jsonfile": "^4.0.0",
        "universalify": "^0.1.0"
      }
    },
    "graceful-fs": {
      "version": "4.2.3",
      "resolved": "https://registry.npmjs.org/graceful-fs/-/graceful-fs-4.2.3.tgz",
      "integrity": "sha512-a30VEBm4PEdx1dRB7MFK7BejejvCvBronbLjht+sHuGYj8PHs7M/5Z+rt5lw551vZ7yfTCj4Vuyy3mSJytDWRQ=="
    },
    "jsonfile": {
      "version": "4.0.0",
      "resolved": "https://registry.npmjs.org/jsonfile/-/jsonfile-4.0.0.tgz",
      "integrity": "sha1-h3Gq4HmbZAdrdmQPygWPnBDjPss=",
      "requires": {
        "graceful-fs": "^4.1.6"
      }
    },
    "universalify": {
      "version": "0.1.2",
      "resolved": "https://registry.npmjs.org/universalify/-/universalify-0.1.2.tgz",
      "integrity": "sha512-rBJeI5CXAlmy1pV+617WB9J63U6XcazHHF2f2dbJix4XzpUF0RS3Zbj0FGIOCAva5P/d/GBOYaACQ1w+0azUkg=="
    }
  }
}
