{
  "name": "jeefo",
  "version": "0.1.83",
  "lockfileVersion": 1,
  "requires": true,
  "dependencies": {
    "@jeefo/audio": {
      "version": "0.0.1",
      "resolved": "https://registry.npmjs.org/@jeefo/audio/-/audio-0.0.1.tgz",
      "integrity": "sha512-SLxAxV64Wmdf7jHorzoHbxkpoazQJGm2glhbICZiH1NqupRPfmUlEcMMXsCfF9R0fayG6FoAkta8+H6Sya2n5g=="
    },
    "@jeefo/bundler": {
      "version": "0.0.7",
      "resolved": "https://registry.npmjs.org/@jeefo/bundler/-/bundler-0.0.7.tgz",
      "integrity": "sha512-47vp3LuwnLDk+oXstPkqEcMGkDSSwAmBRfaOQnI09LPMOplzOJAYhsbDmicy/vDWp5AaTUAdwNpIeCumuvRofg=="
    },
    "@jeefo/command": {
      "version": "0.0.3",
      "resolved": "https://registry.npmjs.org/@jeefo/command/-/command-0.0.3.tgz",
      "integrity": "sha512-tjdpTTHr1GQp4CWVtccV3eHE9TvbNEQfsMwslKjbaRnTl2jwtmNmGmSPttpnLpR17/ATEs89DQYiUpmGY9knDg=="
    },
    "@jeefo/component": {
      "version": "0.0.11",
      "resolved": "https://registry.npmjs.org/@jeefo/component/-/component-0.0.11.tgz",
      "integrity": "sha512-VUyNVsZbRYZHez1PEgyrzZCRJq3eU546o7+ByELMesVl1g35k8wUgE8Nem+KP6eNxY2zIxCo8jScXvPItAmHPw=="
    },
    "@jeefo/ecma_parser": {
      "version": "0.0.10",
      "resolved": "https://registry.npmjs.org/@jeefo/ecma_parser/-/ecma_parser-0.0.10.tgz",
      "integrity": "sha512-sfaqmU92Hx1e2z+1Pf/LTDkDtEPohFmwuAD1POnvtTQ+jGOYGwfd/0TfUlUfDPXpk6kOmQLFyG+fEjrWAZoxnQ=="
    },
    "@jeefo/form": {
      "version": "0.0.2",
      "resolved": "https://registry.npmjs.org/@jeefo/form/-/form-0.0.2.tgz",
      "integrity": "sha512-fZ8GQKZlcYsSZW9PrVQ+0Cqs80yTAG1IHIstf0qYQIXL5q/hVLn+SX05MOYDrYL2PDrH42YUKXJH8aMIa0ZWYA=="
    },
    "@jeefo/fs": {
      "version": "0.0.3",
      "resolved": "https://registry.npmjs.org/@jeefo/fs/-/fs-0.0.3.tgz",
      "integrity": "sha512-ErQA1Fo/2LcDroDZ8rPEJf9yYxw5/bvPlS5TVXGWIcAxQ4wMkH8mhh/gQ0dT83EwNGntMD+jwD/6znLooHHvow==",
      "requires": {
        "@jeefo/utils": "0.0.9"
      },
      "dependencies": {
        "@jeefo/utils": {
          "version": "0.0.9",
          "resolved": "https://registry.npmjs.org/@jeefo/utils/-/utils-0.0.9.tgz",
          "integrity": "sha512-o4lFyl+vjl0tvGOpmj8GedWYi87w3nNm2Ug4P6lZC0r3pcgkwTXGyAzU2ZMDLic3eJ5cqdm3PwxgHgDtwFxK3w=="
        }
      }
    },
    "@jeefo/javascript_preprocessor": {
      "version": "0.0.4",
      "resolved": "https://registry.npmjs.org/@jeefo/javascript_preprocessor/-/javascript_preprocessor-0.0.4.tgz",
      "integrity": "sha512-GXVj8R//UVhpVaf3G17LcoQnYKd8sXGCHhUlU3tkcTV+mY/6pTMAvEisAFmsSj+s77d4bz2IspxQR1wzSXjdsg=="
    },
    "@jeefo/jqlite": {
      "version": "0.0.6",
      "resolved": "https://registry.npmjs.org/@jeefo/jqlite/-/jqlite-0.0.6.tgz",
      "integrity": "sha512-g+4189ZcXvSkJfC/3KpCgyzbQqEeVZqd1eDRVZDqqaihRL/3lJclZmldpKDVacc0v7atc2HMZkVFM2QPkXH2jA=="
    },
    "@jeefo/math": {
      "version": "0.0.1",
      "resolved": "https://registry.npmjs.org/@jeefo/math/-/math-0.0.1.tgz",
      "integrity": "sha512-SHf+dcIdwPNvtMKZUauhgx41bziMVis2JWZfXF7IZ21ZM3DejocKbxH3VTrqm2zdQPlqT0RQK/GcSHoLdzne7g=="
    },
    "@jeefo/monkey_patcher": {
      "version": "0.0.1",
      "resolved": "https://registry.npmjs.org/@jeefo/monkey_patcher/-/monkey_patcher-0.0.1.tgz",
      "integrity": "sha512-wQwpuZS46rguIgUo9UCxAXjrjv89RJ3SMHOFL7fZHc5pECD1ZACZ+mTQgYuFOU6MGDRZ+QKV6AEqhRTinAbcIw=="
    },
    "@jeefo/observer": {
      "version": "0.0.2",
      "resolved": "https://registry.npmjs.org/@jeefo/observer/-/observer-0.0.2.tgz",
      "integrity": "sha512-2w8MI+wEJqZ/yuQ2BT47W5lRUjchZE1APK4pQ/bP34WnGOOU0U+iwei/T6LK+RiEOQMqImb8Dl7m2vKN1SCXEA=="
    },
    "@jeefo/parser": {
      "version": "0.0.27",
      "resolved": "https://registry.npmjs.org/@jeefo/parser/-/parser-0.0.27.tgz",
      "integrity": "sha512-CSExgbBxU0EQggZeD0wOSPEUBwdj3HlHWxLyDJEJlFPTcXNhCYwtH8sFYvpIaAaqx0bZkISd6gVkyr2cFqHJrQ=="
    },
    "@jeefo/resource": {
      "version": "0.0.5",
      "resolved": "https://registry.npmjs.org/@jeefo/resource/-/resource-0.0.5.tgz",
      "integrity": "sha512-Fm/aBLxtgL7b/6qV+FdwU2P9YBpfbzou07ZOMqkLun6/N+j7JGrk9W2fYieYvnlDHIAdgS/dxbeE8sJWhhFcCQ=="
    },
    "@jeefo/state": {
      "version": "0.0.8",
      "resolved": "https://registry.npmjs.org/@jeefo/state/-/state-0.0.8.tgz",
      "integrity": "sha512-eiOxcOeEiJKj1ns5pnl7YLx2XEv5tzFkCb+Lfdk/Kac7N6hlnUy3SoS1OY55xURZuYpUeYohhoAiNriLcUpi7Q=="
    },
    "@jeefo/template": {
      "version": "0.0.5",
      "resolved": "https://registry.npmjs.org/@jeefo/template/-/template-0.0.5.tgz",
      "integrity": "sha512-LAs3UiiqlYzz3y8Yg9JqObB6GoH68VBbF/UKBwoqy1XCB5lqCnnGvKtJjqBAg2IRXNFoBl1tt72sv0eEouZDBw=="
    },
    "@jeefo/tokenizer": {
      "version": "0.0.6",
      "resolved": "https://registry.npmjs.org/@jeefo/tokenizer/-/tokenizer-0.0.6.tgz",
      "integrity": "sha512-erJKroeyhsZVFEwVvtd+TQvg3QOmjTK3gN2eZHgmP7klOHuG4qmY6TPCHaIwnrDpc1LvZxg3Vr8LCV63eX6aZw=="
    },
    "@jeefo/utils": {
      "version": "0.0.9",
      "resolved": "https://registry.npmjs.org/@jeefo/utils/-/utils-0.0.9.tgz",
      "integrity": "sha512-o4lFyl+vjl0tvGOpmj8GedWYi87w3nNm2Ug4P6lZC0r3pcgkwTXGyAzU2ZMDLic3eJ5cqdm3PwxgHgDtwFxK3w=="
    },
    "async-waterfall": {
      "version": "0.1.5",
      "resolved": "https://registry.npmjs.org/async-waterfall/-/async-waterfall-0.1.5.tgz",
      "integrity": "sha1-OYvUiw6sXUD/vkAP6eN6U7qWba4="
    },
    "fs-extra": {
      "version": "8.1.0",
      "resolved": "https://registry.npmjs.org/fs-extra/-/fs-extra-8.1.0.tgz",
      "integrity": "sha512-yhlQgA6mnOJUKOsRUFsgJdQCvkKhcz8tlZG5HBQfReYZy46OwLcY+Zia0mtdHsOo9y/hP+CxMN0TU9QxoOtG4g==",
      "requires": {
        "graceful-fs": "^4.2.0",
        "jsonfile": "^4.0.0",
        "universalify": "^0.1.0"
      }
    },
    "graceful-fs": {
      "version": "4.2.3",
      "resolved": "https://registry.npmjs.org/graceful-fs/-/graceful-fs-4.2.3.tgz",
      "integrity": "sha512-a30VEBm4PEdx1dRB7MFK7BejejvCvBronbLjht+sHuGYj8PHs7M/5Z+rt5lw551vZ7yfTCj4Vuyy3mSJytDWRQ=="
    },
    "jsonfile": {
      "version": "4.0.0",
      "resolved": "https://registry.npmjs.org/jsonfile/-/jsonfile-4.0.0.tgz",
      "integrity": "sha1-h3Gq4HmbZAdrdmQPygWPnBDjPss=",
      "requires": {
        "graceful-fs": "^4.1.6"
      }
    },
    "universalify": {
      "version": "0.1.2",
      "resolved": "https://registry.npmjs.org/universalify/-/universalify-0.1.2.tgz",
      "integrity": "sha512-rBJeI5CXAlmy1pV+617WB9J63U6XcazHHF2f2dbJix4XzpUF0RS3Zbj0FGIOCAva5P/d/GBOYaACQ1w+0azUkg=="
    }
  }
}
