# THIS IS AN AUTOGENERATED FILE. DO NOT EDIT THIS FILE DIRECTLY.
# yarn lockfile v1


fs-extra@^4.0.1:
  version "4.0.1"
  resolved "https://registry.yarnpkg.com/fs-extra/-/fs-extra-4.0.1.tgz#7fc0c6c8957f983f57f306a24e5b9ddd8d0dd880"
  dependencies:
    graceful-fs "^4.1.2"
    jsonfile "^3.0.0"
    universalify "^0.1.0"

graceful-fs@^4.1.2, graceful-fs@^4.1.6:
  version "4.1.11"
  resolved "https://registry.yarnpkg.com/graceful-fs/-/graceful-fs-4.1.11.tgz#0e8bdfe4d1ddb8854d64e04ea7c00e2a026e5658"

jeefo_animate@^0.0.3:
  version "0.0.3"
  resolved "https://registry.yarnpkg.com/jeefo_animate/-/jeefo_animate-0.0.3.tgz#3b948eb171d7b27fc40f311110072105569b4aef"

jeefo_bootstrap@^0.0.5:
  version "0.0.5"
  resolved "https://registry.yarnpkg.com/jeefo_bootstrap/-/jeefo_bootstrap-0.0.5.tgz#500bc7693c3faf557e82d542b98910116f66e4a6"

jeefo_command@^0.0.4:
  version "0.0.4"
  resolved "https://registry.yarnpkg.com/jeefo_command/-/jeefo_command-0.0.4.tgz#d3a63e1e4d3b330beaa0dd22718b8d7ddc247305"

jeefo_component@^0.0.12:
  version "0.0.12"
  resolved "https://registry.yarnpkg.com/jeefo_component/-/jeefo_component-0.0.12.tgz#adae18a319bf41510cf61378f97c67f3138224d5"

jeefo_css_preprocessor@^0.0.3:
  version "0.0.3"
  resolved "https://registry.yarnpkg.com/jeefo_css_preprocessor/-/jeefo_css_preprocessor-0.0.3.tgz#61e42cead0dc86c8b294cdc4344d7047792e4d01"

jeefo_javascript_beautifier@^0.0.5:
  version "0.0.5"
  resolved "https://registry.yarnpkg.com/jeefo_javascript_beautifier/-/jeefo_javascript_beautifier-0.0.5.tgz#60c8a759fd8afdb1132898e36974699b87ed8855"

jeefo_javascript_parser@^0.0.17:
  version "0.0.17"
  resolved "https://registry.yarnpkg.com/jeefo_javascript_parser/-/jeefo_javascript_parser-0.0.17.tgz#1990de9a2a0b28efa1bd9e9f090daadb527af7e8"
  dependencies:
    jeefo_tokenizer "^0.0.29"

jeefo_javascript_parser@^0.0.18:
  version "0.0.18"
  resolved "https://registry.yarnpkg.com/jeefo_javascript_parser/-/jeefo_javascript_parser-0.0.18.tgz#8685e533f1d3d03ac951f66270275b3d9edd88f4"
  dependencies:
    jeefo_tokenizer "^0.0.29"

jeefo_jqlite@^0.0.3:
  version "0.0.3"
  resolved "https://registry.yarnpkg.com/jeefo_jqlite/-/jeefo_jqlite-0.0.3.tgz#b94e3cddd90c386b726312cfd3447e0ad93b75a8"

jeefo_polyfill@^0.0.1:
  version "0.0.1"
  resolved "https://registry.yarnpkg.com/jeefo_polyfill/-/jeefo_polyfill-0.0.1.tgz#2fbf79b24d32b88ac5afe9c8ecfcbc363b05ec57"

jeefo_preprocessor@^0.0.6:
  version "0.0.6"
  resolved "https://registry.yarnpkg.com/jeefo_preprocessor/-/jeefo_preprocessor-0.0.6.tgz#4138bb9ae1a3bcc371a6bc051e90e70179a28f80"
  dependencies:
    jeefo_javascript_beautifier "^0.0.5"
    jeefo_javascript_parser "^0.0.17"

jeefo_promise@^0.0.3:
  version "0.0.3"
  resolved "https://registry.yarnpkg.com/jeefo_promise/-/jeefo_promise-0.0.3.tgz#76ce2faf43ecc2f2a4e7d237dea314c378a1ebf4"

jeefo_q@^0.0.2:
  version "0.0.2"
  resolved "https://registry.yarnpkg.com/jeefo_q/-/jeefo_q-0.0.2.tgz#0104aec706928981e89720861cb4889156b4e944"

jeefo_resource@^0.0.3:
  version "0.0.3"
  resolved "https://registry.yarnpkg.com/jeefo_resource/-/jeefo_resource-0.0.3.tgz#53e6b1293c5ba08c8068c585bff54dac1003663a"

jeefo_router@^0.0.14:
  version "0.0.14"
  resolved "https://registry.yarnpkg.com/jeefo_router/-/jeefo_router-0.0.14.tgz#9d81d8f380c28b4bd9fe477ca9d010a51848a323"

jeefo_template@^0.0.20:
  version "0.0.20"
  resolved "https://registry.yarnpkg.com/jeefo_template/-/jeefo_template-0.0.20.tgz#b74c24a50254505c542e18215927c9a709af7c99"

jeefo_timeout@^0.0.2:
  version "0.0.2"
  resolved "https://registry.yarnpkg.com/jeefo_timeout/-/jeefo_timeout-0.0.2.tgz#6206dc20f317c05fd3d846a7bedcb280c022b00d"

jeefo_tokenizer@^0.0.29:
  version "0.0.29"
  resolved "https://registry.yarnpkg.com/jeefo_tokenizer/-/jeefo_tokenizer-0.0.29.tgz#38b1e9dfde41378af5a74c58e3cb6997095ec53e"
  dependencies:
    jeefo_utils "^0.0.1"

jeefo_url_matcher@^0.0.1:
  version "0.0.1"
  resolved "https://registry.yarnpkg.com/jeefo_url_matcher/-/jeefo_url_matcher-0.0.1.tgz#6f4e6b47d56b3bc7da0b3b86fd739bdd05891f09"

jeefo_utils@^0.0.1:
  version "0.0.1"
  resolved "https://registry.yarnpkg.com/jeefo_utils/-/jeefo_utils-0.0.1.tgz#589c5e41a6c059ed7cf48798ee7185ff20e70905"

jeefo_utils@^0.0.5:
  version "0.0.5"
  resolved "https://registry.yarnpkg.com/jeefo_utils/-/jeefo_utils-0.0.5.tgz#7cd37e071e70bb1c81ba4ea4e86c10db6fbfa98b"

jeefo_zone@^0.0.3:
  version "0.0.3"
  resolved "https://registry.yarnpkg.com/jeefo_zone/-/jeefo_zone-0.0.3.tgz#3350e65446e44e2a210337ef2ab2275738d4355c"

jsonfile@^3.0.0:
  version "3.0.1"
  resolved "https://registry.yarnpkg.com/jsonfile/-/jsonfile-3.0.1.tgz#a5ecc6f65f53f662c4415c7675a0331d0992ec66"
  optionalDependencies:
    graceful-fs "^4.1.6"

moment@^2.18.1:
  version "2.18.1"
  resolved "https://registry.yarnpkg.com/moment/-/moment-2.18.1.tgz#c36193dd3ce1c2eed2adb7c802dbbc77a81b1c0f"

universalify@^0.1.0:
  version "0.1.1"
  resolved "https://registry.yarnpkg.com/universalify/-/universalify-0.1.1.tgz#fa71badd4437af4c148841e3b3b165f9e9e590b7"
