# THIS IS AN AUTOGENERATED FILE. DO NOT EDIT THIS FILE DIRECTLY.
# yarn lockfile v1


fs-extra@^4.0.1:
  version "4.0.1"
  resolved "https://registry.yarnpkg.com/fs-extra/-/fs-extra-4.0.1.tgz#7fc0c6c8957f983f57f306a24e5b9ddd8d0dd880"
  dependencies:
    graceful-fs "^4.1.2"
    jsonfile "^3.0.0"
    universalify "^0.1.0"

graceful-fs@^4.1.2, graceful-fs@^4.1.6:
  version "4.1.11"
  resolved "https://registry.yarnpkg.com/graceful-fs/-/graceful-fs-4.1.11.tgz#0e8bdfe4d1ddb8854d64e04ea7c00e2a026e5658"

jeefo-event-dispatcher@0.0.0:
  version "0.0.0"
  resolved "https://registry.yarnpkg.com/jeefo-event-dispatcher/-/jeefo-event-dispatcher-0.0.0.tgz#dbb07b0ed9d6a69a1ab7973883d4094eddf93724"

jeefo-getopt@^0.0.2:
  version "0.0.2"
  resolved "https://registry.yarnpkg.com/jeefo-getopt/-/jeefo-getopt-0.0.2.tgz#594be0acdc31e2f2b3ccdc4b8a95ca68b999eca5"
  dependencies:
    jeefo-event-dispatcher "0.0.0"

jeefo_animate@^0.0.1:
  version "0.0.1"
  resolved "https://registry.yarnpkg.com/jeefo_animate/-/jeefo_animate-0.0.1.tgz#ec5122d410024c1ac3a1fe756dcfc5ba9bf4643b"
  dependencies:
    jeefo_polifyll "^0.0.2"
    jeefo_q "^0.0.1"
    jeefo_utils "^0.0.1"

jeefo_bootstrap@^0.0.1:
  version "0.0.1"
  resolved "https://registry.yarnpkg.com/jeefo_bootstrap/-/jeefo_bootstrap-0.0.1.tgz#86f5282990fa9df7fd043a2b1030b6206a7e8e0d"

jeefo_component@^0.0.2:
  version "0.0.2"
  resolved "https://registry.yarnpkg.com/jeefo_component/-/jeefo_component-0.0.2.tgz#6b23991574273c8e860c16aad658782206034bf1"

jeefo_javascript_beautifier@^0.0.5:
  version "0.0.5"
  resolved "https://registry.yarnpkg.com/jeefo_javascript_beautifier/-/jeefo_javascript_beautifier-0.0.5.tgz#60c8a759fd8afdb1132898e36974699b87ed8855"

jeefo_javascript_parser@^0.0.16:
  version "0.0.16"
  resolved "https://registry.yarnpkg.com/jeefo_javascript_parser/-/jeefo_javascript_parser-0.0.16.tgz#3f5cf2986325f375c360eebbf98c1b3fde413505"
  dependencies:
    jeefo_tokenizer "^0.0.29"

jeefo_jqlite@^0.0.2:
  version "0.0.2"
  resolved "https://registry.yarnpkg.com/jeefo_jqlite/-/jeefo_jqlite-0.0.2.tgz#519ba35b230195f150db3e667cd8ed5a82e28374"

jeefo_polifyll@^0.0.2:
  version "0.0.2"
  resolved "https://registry.yarnpkg.com/jeefo_polifyll/-/jeefo_polifyll-0.0.2.tgz#f7ae0355428be6185badd2c74e3ad1a71d4cd400"

jeefo_preprocessor@^0.0.3:
  version "0.0.3"
  resolved "https://registry.yarnpkg.com/jeefo_preprocessor/-/jeefo_preprocessor-0.0.3.tgz#942909a29440ee9cc214f9abbafc4d04633d86f7"
  dependencies:
    jeefo_javascript_beautifier "^0.0.5"
    jeefo_javascript_parser "^0.0.16"

jeefo_promise@^0.0.1:
  version "0.0.1"
  resolved "https://registry.yarnpkg.com/jeefo_promise/-/jeefo_promise-0.0.1.tgz#4cf53fdcc8ed035a02953cf27edc04e1ac9960ee"

jeefo_q@^0.0.1:
  version "0.0.1"
  resolved "https://registry.yarnpkg.com/jeefo_q/-/jeefo_q-0.0.1.tgz#51175a619bffb5b1cde97e15acf5f11e93a93763"
  dependencies:
    jeefo_promise "^0.0.1"

jeefo_resource@^0.0.1:
  version "0.0.1"
  resolved "https://registry.yarnpkg.com/jeefo_resource/-/jeefo_resource-0.0.1.tgz#42c553edc74c7d69bdf34dd3a91f061d691ff248"
  dependencies:
    jeefo_q "^0.0.1"

jeefo_router@^0.0.3:
  version "0.0.3"
  resolved "https://registry.yarnpkg.com/jeefo_router/-/jeefo_router-0.0.3.tgz#30ccd0d7c38c4e7d61fd224921c10d7c5b3dc97d"

jeefo_template@^0.0.18:
  version "0.0.18"
  resolved "https://registry.yarnpkg.com/jeefo_template/-/jeefo_template-0.0.18.tgz#c8af33cc85be70ff149a931afa8530b3cc31cef9"
  dependencies:
    jeefo_tokenizer "^0.0.29"

jeefo_tokenizer@^0.0.29:
  version "0.0.29"
  resolved "https://registry.yarnpkg.com/jeefo_tokenizer/-/jeefo_tokenizer-0.0.29.tgz#38b1e9dfde41378af5a74c58e3cb6997095ec53e"
  dependencies:
    jeefo_utils "^0.0.1"

jeefo_utils@^0.0.1:
  version "0.0.1"
  resolved "https://registry.yarnpkg.com/jeefo_utils/-/jeefo_utils-0.0.1.tgz#589c5e41a6c059ed7cf48798ee7185ff20e70905"

jeefo_zone@^0.0.2:
  version "0.0.2"
  resolved "https://registry.yarnpkg.com/jeefo_zone/-/jeefo_zone-0.0.2.tgz#5a36e1dd40702d9ad6c5852699fd4e1617acbcbd"

jsonfile@^3.0.0:
  version "3.0.1"
  resolved "https://registry.yarnpkg.com/jsonfile/-/jsonfile-3.0.1.tgz#a5ecc6f65f53f662c4415c7675a0331d0992ec66"
  optionalDependencies:
    graceful-fs "^4.1.6"

universalify@^0.1.0:
  version "0.1.1"
  resolved "https://registry.yarnpkg.com/universalify/-/universalify-0.1.1.tgz#fa71badd4437af4c148841e3b3b165f9e9e590b7"
