{
  "name": "scripts",
  "lockfileVersion": 2,
  "requires": true,
  "packages": {
    "": {
      "dependencies": {
        "@jeefo/fs": "^0.0.9"
      }
    },
    "node_modules/@jeefo/fs": {
      "version": "0.0.9",
      "resolved": "https://registry.npmjs.org/@jeefo/fs/-/fs-0.0.9.tgz",
      "integrity": "sha512-EbdJpyW8QNsPrT7GL0ibOjn8S5enS0zzK1fNikkem5Kuj78jhUj5jZlTOhduJ0H+aLLO/8Hh7Gmu8g9C9qzNWQ==",
      "dependencies": {
        "@jeefo/utils": "0.0.9"
      }
    },
    "node_modules/@jeefo/utils": {
      "version": "0.0.9",
      "resolved": "https://registry.npmjs.org/@jeefo/utils/-/utils-0.0.9.tgz",
      "integrity": "sha512-o4lFyl+vjl0tvGOpmj8GedWYi87w3nNm2Ug4P6lZC0r3pcgkwTXGyAzU2ZMDLic3eJ5cqdm3PwxgHgDtwFxK3w=="
    }
  },
  "dependencies": {
    "@jeefo/fs": {
      "version": "0.0.9",
      "resolved": "https://registry.npmjs.org/@jeefo/fs/-/fs-0.0.9.tgz",
      "integrity": "sha512-EbdJpyW8QNsPrT7GL0ibOjn8S5enS0zzK1fNikkem5Kuj78jhUj5jZlTOhduJ0H+aLLO/8Hh7Gmu8g9C9qzNWQ==",
      "requires": {
        "@jeefo/utils": "0.0.9"
      }
    },
    "@jeefo/utils": {
      "version": "0.0.9",
      "resolved": "https://registry.npmjs.org/@jeefo/utils/-/utils-0.0.9.tgz",
      "integrity": "sha512-o4lFyl+vjl0tvGOpmj8GedWYi87w3nNm2Ug4P6lZC0r3pcgkwTXGyAzU2ZMDLic3eJ5cqdm3PwxgHgDtwFxK3w=="
    }
  }
}
